
Microsoft Visual Studio Solution File, Format Version 12.00
# Visual Studio Version 17
VisualStudioVersion = 17.4.33213.308
MinimumVisualStudioVersion = 10.0.40219.1
Project("{9A19103F-16F7-4668-BE54-9A1E7A4F7556}") = "FirstCommand.API", "FirstCommand.API.csproj", "{60AD2C84-459C-41C2-901B-516966726AE3}"
EndProject
Project("{9A19103F-16F7-4668-BE54-9A1E7A4F7556}") = "FirstCommand.API.Services", "..\FirstCommand.API.Services\FirstCommand.API.Services.csproj", "{27F32129-56C2-4839-8E85-AF183FCD276B}"
EndProject
Project("{9A19103F-16F7-4668-BE54-9A1E7A4F7556}") = "FirstCommand.API.Database", "..\FirstCommand.API.Database\FirstCommand.API.Database.csproj", "{DFA3DF5E-AEF3-452E-9022-CB80BB03C11D}"
EndProject
Project("{9A19103F-16F7-4668-BE54-9A1E7A4F7556}") = "FirstCommand.API.BLL", "..\FirstCommand.API.BLL\FirstCommand.API.BLL.csproj", "{07C4413F-ACF4-4821-A5CC-A06D3DF73930}"
EndProject
Project("{9A19103F-16F7-4668-BE54-9A1E7A4F7556}") = "FirstCommand.Tests", "..\FirstCommand.Tests\FirstCommand.Tests.csproj", "{E72FDBCF-2088-4D48-A5BE-35CCABC8CDF0}"
EndProject
Global
	GlobalSection(SolutionConfigurationPlatforms) = preSolution
		Debug|Any CPU = Debug|Any CPU
		Release|Any CPU = Release|Any CPU
	EndGlobalSection
	GlobalSection(ProjectConfigurationPlatforms) = postSolution
		{60AD2C84-459C-41C2-901B-516966726AE3}.Debug|Any CPU.ActiveCfg = Debug|Any CPU
		{60AD2C84-459C-41C2-901B-516966726AE3}.Debug|Any CPU.Build.0 = Debug|Any CPU
		{60AD2C84-459C-41C2-901B-516966726AE3}.Release|Any CPU.ActiveCfg = Release|Any CPU
		{60AD2C84-459C-41C2-901B-516966726AE3}.Release|Any CPU.Build.0 = Release|Any CPU
		{27F32129-56C2-4839-8E85-AF183FCD276B}.Debug|Any CPU.ActiveCfg = Debug|Any CPU
		{27F32129-56C2-4839-8E85-AF183FCD276B}.Debug|Any CPU.Build.0 = Debug|Any CPU
		{27F32129-56C2-4839-8E85-AF183FCD276B}.Release|Any CPU.ActiveCfg = Release|Any CPU
		{27F32129-56C2-4839-8E85-AF183FCD276B}.Release|Any CPU.Build.0 = Release|Any CPU
		{DFA3DF5E-AEF3-452E-9022-CB80BB03C11D}.Debug|Any CPU.ActiveCfg = Debug|Any CPU
		{DFA3DF5E-AEF3-452E-9022-CB80BB03C11D}.Debug|Any CPU.Build.0 = Debug|Any CPU
		{DFA3DF5E-AEF3-452E-9022-CB80BB03C11D}.Release|Any CPU.ActiveCfg = Release|Any CPU
		{DFA3DF5E-AEF3-452E-9022-CB80BB03C11D}.Release|Any CPU.Build.0 = Release|Any CPU
		{07C4413F-ACF4-4821-A5CC-A06D3DF73930}.Debug|Any CPU.ActiveCfg = Debug|Any CPU
		{07C4413F-ACF4-4821-A5CC-A06D3DF73930}.Debug|Any CPU.Build.0 = Debug|Any CPU
		{07C4413F-ACF4-4821-A5CC-A06D3DF73930}.Release|Any CPU.ActiveCfg = Release|Any CPU
		{07C4413F-ACF4-4821-A5CC-A06D3DF73930}.Release|Any CPU.Build.0 = Release|Any CPU
		{E72FDBCF-2088-4D48-A5BE-35CCABC8CDF0}.Debug|Any CPU.ActiveCfg = Debug|Any CPU
		{E72FDBCF-2088-4D48-A5BE-35CCABC8CDF0}.Debug|Any CPU.Build.0 = Debug|Any CPU
		{E72FDBCF-2088-4D48-A5BE-35CCABC8CDF0}.Release|Any CPU.ActiveCfg = Release|Any CPU
		{E72FDBCF-2088-4D48-A5BE-35CCABC8CDF0}.Release|Any CPU.Build.0 = Release|Any CPU
	EndGlobalSection
	GlobalSection(SolutionProperties) = preSolution
		HideSolutionNode = FALSE
	EndGlobalSection
	GlobalSection(ExtensibilityGlobals) = postSolution
		SolutionGuid = {447ED3ED-98AC-4FE9-AED4-C8D9D50294FC}
	EndGlobalSection
EndGlobal
